<?xml version="1.0" encoding="utf-8"?>
<Project ToolsVersion="4.0" xmlns="http://schemas.microsoft.com/developer/msbuild/2003">
  <ItemGroup>
    <ClCompile Include="ButtonWardrobe.cpp">
      <Filter>Source Files</Filter>
    </ClCompile>
    <ClCompile Include="ImageHelper.cpp">
      <Filter>Source Files</Filter>
    </ClCompile>
    <ClCompile Include="Kitchen.cpp">
      <Filter>Source Files</Filter>
    </ClCompile>
    <ClCompile Include="KitchenButton.cpp">
      <Filter>Source Files</Filter>
    </ClCompile>
    <ClCompile Include="KitchenController.cpp">
      <Filter>Source Files</Filter>
    </ClCompile>
    <ClCompile Include="KitchenWnd.cpp">
      <Filter>Source Files</Filter>
    </ClCompile>
    <ClCompile Include="TimeManagement.cpp">
      <Filter>Source Files</Filter>
    </ClCompile>
    <ClCompile Include="stdafx.cpp">
      <Filter>Source Files</Filter>
    </ClCompile>
    <ClCompile Include="TurkeyFactory.cpp">
      <Filter>Source Files</Filter>
    </ClCompile>
    <ClCompile Include="WardrobeItem.cpp">
      <Filter>Source Files</Filter>
    </ClCompile>
    <ClCompile Include="WorkshopLib.cpp">
      <Filter>Source Files</Filter>
    </ClCompile>
    <ClCompile Include="Turkey.cpp">
      <Filter>Source Files</Filter>
    </ClCompile>
  </ItemGroup>
  <ItemGroup>
    <ClInclude Include="ButtonWardrobe.h">
      <Filter>Header Files</Filter>
    </ClInclude>
    <ClInclude Include="DoubleBufferDC.h">
      <Filter>Header Files</Filter>
    </ClInclude>
    <ClInclude Include="ImageHelper.h">
      <Filter>Header Files</Filter>
    </ClInclude>
    <ClInclude Include="Kitchen.h">
      <Filter>Header Files</Filter>
    </ClInclude>
    <ClInclude Include="KitchenButton.h">
      <Filter>Header Files</Filter>
    </ClInclude>
    <ClInclude Include="KitchenController.h">
      <Filter>Header Files</Filter>
    </ClInclude>
    <ClInclude Include="KitchenWnd.h">
      <Filter>Header Files</Filter>
    </ClInclude>
    <ClInclude Include="Resource.h">
      <Filter>Header Files</Filter>
    </ClInclude>
    <ClInclude Include="stdafx.h">
      <Filter>Header Files</Filter>
    </ClInclude>
    <ClInclude Include="targetver.h">
      <Filter>Header Files</Filter>
    </ClInclude>
    <ClInclude Include="TimeManagement.h">
      <Filter>Header Files</Filter>
    </ClInclude>
    <ClInclude Include="Turkey.h">
      <Filter>Header Files</Filter>
    </ClInclude>
    <ClInclude Include="TurkeyFactory.h">
      <Filter>Header Files</Filter>
    </ClInclude>
    <ClInclude Include="WardrobeItem.h">
      <Filter>Header Files</Filter>
    </ClInclude>
    <ClInclude Include="WorkshopLib.h">
      <Filter>Header Files</Filter>
    </ClInclude>
  </ItemGroup>
  <ItemGroup>
    <None Include="res\WorkshopLib.rc2">
      <Filter>Resources Files</Filter>
    </None>
    <None Include="KitchenLib.def">
      <Filter>Resources Files</Filter>
    </None>
  </ItemGroup>
  <ItemGroup>
    <Filter Include="Header Files">
      <UniqueIdentifier>{b3b08503-2dd0-41b4-bb78-48e35318e985}</UniqueIdentifier>
    </Filter>
    <Filter Include="Source Files">
      <UniqueIdentifier>{772c19e6-e6df-4751-ae26-7df8fcd1ed4e}</UniqueIdentifier>
    </Filter>
    <Filter Include="Resources Files">
      <UniqueIdentifier>{e6936394-c95c-4530-a3e6-958c984d6017}</UniqueIdentifier>
    </Filter>
  </ItemGroup>
  <ItemGroup>
    <ResourceCompile Include="WorkshopLib.rc">
      <Filter>Resources Files</Filter>
    </ResourceCompile>
  </ItemGroup>
</Project>